
Microsoft Visual Studio Solution File, Format Version 12.00
# Visual Studio 2012
VisualStudioVersion = 14.0.22512.0
MinimumVisualStudioVersion = 10.0.40219.1
Project("{FAE04EC0-301F-11D3-BF4B-00C04F79EFBC}") = "iOSLibrary", "iOSLibrary\iOSLibrary.csproj", "{7EF73AB9-204A-4994-8FF5-0EE2CFA710A9}"
EndProject
Project("{FAE04EC0-301F-11D3-BF4B-00C04F79EFBC}") = "SwissArmyKnife", "SwissArmyKnife\SwissArmyKnife.csproj", "{5E60E146-E64B-46C6-A57E-6EA1BE8DFA23}"
EndProject
Project("{FAE04EC0-301F-11D3-BF4B-00C04F79EFBC}") = "Attributed", "Attributed\Attributed.csproj", "{70967DC2-CAC6-400B-9D5F-C074DE849117}"
EndProject
Project("{FAE04EC0-301F-11D3-BF4B-00C04F79EFBC}") = "CardViewer", "CardViewer\CardViewer.csproj", "{869968EB-705B-41EB-AFFC-23748EB6B258}"
EndProject
Project("{FAE04EC0-301F-11D3-BF4B-00C04F79EFBC}") = "GameDemo", "GameDemo\GameDemo.csproj", "{3F072820-10EE-42E9-8C74-FD1F93FFFBC6}"
EndProject
Project("{FAE04EC0-301F-11D3-BF4B-00C04F79EFBC}") = "KitchenSink", "KitchenSink\KitchenSink.csproj", "{87C17B0D-6A59-4435-9BAA-77B6AE36A194}"
EndProject
Project("{FAE04EC0-301F-11D3-BF4B-00C04F79EFBC}") = "Matchismo", "Matchismo\Matchismo.csproj", "{563100C6-0C10-4426-9575-A13A7B43914D}"
EndProject
Project("{FAE04EC0-301F-11D3-BF4B-00C04F79EFBC}") = "Photomania", "Photomania\Photomania.csproj", "{361A631F-B9A8-4BBD-A67B-DC412E3F6146}"
EndProject
Project("{FAE04EC0-301F-11D3-BF4B-00C04F79EFBC}") = "PhotomaniaSQL", "PhotomaniaSQL\PhotomaniaSQL.csproj", "{BF050225-B287-4A84-B0BD-E9659B5E5C80}"
EndProject
Project("{FAE04EC0-301F-11D3-BF4B-00C04F79EFBC}") = "PrettyMatchismo", "PrettyMatchismo\PrettyMatchismo.csproj", "{B97F2441-0ACE-457E-87BA-30C9BCADBC94}"
EndProject
Project("{FAE04EC0-301F-11D3-BF4B-00C04F79EFBC}") = "Shutterbug", "Shutterbug\Shutterbug.csproj", "{BB38D26F-792B-4464-8CC6-7FE1135DA3DD}"
EndProject
Project("{FAE04EC0-301F-11D3-BF4B-00C04F79EFBC}") = "Supercard", "Supercard\Supercard.csproj", "{5B8F83FD-EB9B-41E1-836E-46632DAD42AD}"
EndProject
Global
	GlobalSection(SolutionConfigurationPlatforms) = preSolution
		Ad-Hoc|iPhone = Ad-Hoc|iPhone
		Ad-Hoc|iPhoneSimulator = Ad-Hoc|iPhoneSimulator
		Ad-Hoc|Mixed Platforms = Ad-Hoc|Mixed Platforms
		AppStore|iPhone = AppStore|iPhone
		AppStore|iPhoneSimulator = AppStore|iPhoneSimulator
		AppStore|Mixed Platforms = AppStore|Mixed Platforms
		Debug|iPhone = Debug|iPhone
		Debug|iPhoneSimulator = Debug|iPhoneSimulator
		Debug|Mixed Platforms = Debug|Mixed Platforms
		Release|iPhone = Release|iPhone
		Release|iPhoneSimulator = Release|iPhoneSimulator
		Release|Mixed Platforms = Release|Mixed Platforms
	EndGlobalSection
	GlobalSection(ProjectConfigurationPlatforms) = postSolution
		{361A631F-B9A8-4BBD-A67B-DC412E3F6146}.Ad-Hoc|iPhone.ActiveCfg = Ad-Hoc|iPhone
		{361A631F-B9A8-4BBD-A67B-DC412E3F6146}.Ad-Hoc|iPhone.Build.0 = Ad-Hoc|iPhone
		{361A631F-B9A8-4BBD-A67B-DC412E3F6146}.Ad-Hoc|iPhoneSimulator.ActiveCfg = Ad-Hoc|iPhoneSimulator
		{361A631F-B9A8-4BBD-A67B-DC412E3F6146}.Ad-Hoc|iPhoneSimulator.Build.0 = Ad-Hoc|iPhoneSimulator
		{361A631F-B9A8-4BBD-A67B-DC412E3F6146}.Ad-Hoc|Mixed Platforms.ActiveCfg = Ad-Hoc|iPhone
		{361A631F-B9A8-4BBD-A67B-DC412E3F6146}.Ad-Hoc|Mixed Platforms.Build.0 = Ad-Hoc|iPhone
		{361A631F-B9A8-4BBD-A67B-DC412E3F6146}.AppStore|iPhone.ActiveCfg = AppStore|iPhone
		{361A631F-B9A8-4BBD-A67B-DC412E3F6146}.AppStore|iPhone.Build.0 = AppStore|iPhone
		{361A631F-B9A8-4BBD-A67B-DC412E3F6146}.AppStore|iPhoneSimulator.ActiveCfg = AppStore|iPhoneSimulator
		{361A631F-B9A8-4BBD-A67B-DC412E3F6146}.AppStore|iPhoneSimulator.Build.0 = AppStore|iPhoneSimulator
		{361A631F-B9A8-4BBD-A67B-DC412E3F6146}.AppStore|Mixed Platforms.ActiveCfg = AppStore|iPhone
		{361A631F-B9A8-4BBD-A67B-DC412E3F6146}.AppStore|Mixed Platforms.Build.0 = AppStore|iPhone
		{361A631F-B9A8-4BBD-A67B-DC412E3F6146}.Debug|iPhone.ActiveCfg = Debug|iPhone
		{361A631F-B9A8-4BBD-A67B-DC412E3F6146}.Debug|iPhone.Build.0 = Debug|iPhone
		{361A631F-B9A8-4BBD-A67B-DC412E3F6146}.Debug|iPhoneSimulator.ActiveCfg = Debug|iPhoneSimulator
		{361A631F-B9A8-4BBD-A67B-DC412E3F6146}.Debug|iPhoneSimulator.Build.0 = Debug|iPhoneSimulator
		{361A631F-B9A8-4BBD-A67B-DC412E3F6146}.Debug|Mixed Platforms.ActiveCfg = Debug|iPhone
		{361A631F-B9A8-4BBD-A67B-DC412E3F6146}.Debug|Mixed Platforms.Build.0 = Debug|iPhone
		{361A631F-B9A8-4BBD-A67B-DC412E3F6146}.Release|iPhone.ActiveCfg = Release|iPhone
		{361A631F-B9A8-4BBD-A67B-DC412E3F6146}.Release|iPhone.Build.0 = Release|iPhone
		{361A631F-B9A8-4BBD-A67B-DC412E3F6146}.Release|iPhoneSimulator.ActiveCfg = Release|iPhoneSimulator
		{361A631F-B9A8-4BBD-A67B-DC412E3F6146}.Release|iPhoneSimulator.Build.0 = Release|iPhoneSimulator
		{361A631F-B9A8-4BBD-A67B-DC412E3F6146}.Release|Mixed Platforms.ActiveCfg = Release|iPhone
		{361A631F-B9A8-4BBD-A67B-DC412E3F6146}.Release|Mixed Platforms.Build.0 = Release|iPhone
		{3F072820-10EE-42E9-8C74-FD1F93FFFBC6}.Ad-Hoc|iPhone.ActiveCfg = Ad-Hoc|iPhone
		{3F072820-10EE-42E9-8C74-FD1F93FFFBC6}.Ad-Hoc|iPhone.Build.0 = Ad-Hoc|iPhone
		{3F072820-10EE-42E9-8C74-FD1F93FFFBC6}.Ad-Hoc|iPhoneSimulator.ActiveCfg = Ad-Hoc|iPhoneSimulator
		{3F072820-10EE-42E9-8C74-FD1F93FFFBC6}.Ad-Hoc|iPhoneSimulator.Build.0 = Ad-Hoc|iPhoneSimulator
		{3F072820-10EE-42E9-8C74-FD1F93FFFBC6}.Ad-Hoc|Mixed Platforms.ActiveCfg = Ad-Hoc|iPhone
		{3F072820-10EE-42E9-8C74-FD1F93FFFBC6}.Ad-Hoc|Mixed Platforms.Build.0 = Ad-Hoc|iPhone
		{3F072820-10EE-42E9-8C74-FD1F93FFFBC6}.AppStore|iPhone.ActiveCfg = AppStore|iPhone
		{3F072820-10EE-42E9-8C74-FD1F93FFFBC6}.AppStore|iPhone.Build.0 = AppStore|iPhone
		{3F072820-10EE-42E9-8C74-FD1F93FFFBC6}.AppStore|iPhoneSimulator.ActiveCfg = AppStore|iPhoneSimulator
		{3F072820-10EE-42E9-8C74-FD1F93FFFBC6}.AppStore|iPhoneSimulator.Build.0 = AppStore|iPhoneSimulator
		{3F072820-10EE-42E9-8C74-FD1F93FFFBC6}.AppStore|Mixed Platforms.ActiveCfg = AppStore|iPhone
		{3F072820-10EE-42E9-8C74-FD1F93FFFBC6}.AppStore|Mixed Platforms.Build.0 = AppStore|iPhone
		{3F072820-10EE-42E9-8C74-FD1F93FFFBC6}.Debug|iPhone.ActiveCfg = Debug|iPhone
		{3F072820-10EE-42E9-8C74-FD1F93FFFBC6}.Debug|iPhone.Build.0 = Debug|iPhone
		{3F072820-10EE-42E9-8C74-FD1F93FFFBC6}.Debug|iPhoneSimulator.ActiveCfg = Debug|iPhoneSimulator
		{3F072820-10EE-42E9-8C74-FD1F93FFFBC6}.Debug|iPhoneSimulator.Build.0 = Debug|iPhoneSimulator
		{3F072820-10EE-42E9-8C74-FD1F93FFFBC6}.Debug|Mixed Platforms.ActiveCfg = Debug|iPhone
		{3F072820-10EE-42E9-8C74-FD1F93FFFBC6}.Debug|Mixed Platforms.Build.0 = Debug|iPhone
		{3F072820-10EE-42E9-8C74-FD1F93FFFBC6}.Release|iPhone.ActiveCfg = Release|iPhone
		{3F072820-10EE-42E9-8C74-FD1F93FFFBC6}.Release|iPhone.Build.0 = Release|iPhone
		{3F072820-10EE-42E9-8C74-FD1F93FFFBC6}.Release|iPhoneSimulator.ActiveCfg = Release|iPhoneSimulator
		{3F072820-10EE-42E9-8C74-FD1F93FFFBC6}.Release|iPhoneSimulator.Build.0 = Release|iPhoneSimulator
		{3F072820-10EE-42E9-8C74-FD1F93FFFBC6}.Release|Mixed Platforms.ActiveCfg = Release|iPhone
		{3F072820-10EE-42E9-8C74-FD1F93FFFBC6}.Release|Mixed Platforms.Build.0 = Release|iPhone
		{563100C6-0C10-4426-9575-A13A7B43914D}.Ad-Hoc|iPhone.ActiveCfg = Ad-Hoc|iPhone
		{563100C6-0C10-4426-9575-A13A7B43914D}.Ad-Hoc|iPhone.Build.0 = Ad-Hoc|iPhone
		{563100C6-0C10-4426-9575-A13A7B43914D}.Ad-Hoc|iPhoneSimulator.ActiveCfg = Ad-Hoc|iPhoneSimulator
		{563100C6-0C10-4426-9575-A13A7B43914D}.Ad-Hoc|iPhoneSimulator.Build.0 = Ad-Hoc|iPhoneSimulator
		{563100C6-0C10-4426-9575-A13A7B43914D}.Ad-Hoc|Mixed Platforms.ActiveCfg = Ad-Hoc|iPhone
		{563100C6-0C10-4426-9575-A13A7B43914D}.Ad-Hoc|Mixed Platforms.Build.0 = Ad-Hoc|iPhone
		{563100C6-0C10-4426-9575-A13A7B43914D}.AppStore|iPhone.ActiveCfg = AppStore|iPhone
		{563100C6-0C10-4426-9575-A13A7B43914D}.AppStore|iPhone.Build.0 = AppStore|iPhone
		{563100C6-0C10-4426-9575-A13A7B43914D}.AppStore|iPhoneSimulator.ActiveCfg = AppStore|iPhoneSimulator
		{563100C6-0C10-4426-9575-A13A7B43914D}.AppStore|iPhoneSimulator.Build.0 = AppStore|iPhoneSimulator
		{563100C6-0C10-4426-9575-A13A7B43914D}.AppStore|Mixed Platforms.ActiveCfg = AppStore|iPhone
		{563100C6-0C10-4426-9575-A13A7B43914D}.AppStore|Mixed Platforms.Build.0 = AppStore|iPhone
		{563100C6-0C10-4426-9575-A13A7B43914D}.Debug|iPhone.ActiveCfg = Debug|iPhone
		{563100C6-0C10-4426-9575-A13A7B43914D}.Debug|iPhone.Build.0 = Debug|iPhone
		{563100C6-0C10-4426-9575-A13A7B43914D}.Debug|iPhoneSimulator.ActiveCfg = Debug|iPhoneSimulator
		{563100C6-0C10-4426-9575-A13A7B43914D}.Debug|iPhoneSimulator.Build.0 = Debug|iPhoneSimulator
		{563100C6-0C10-4426-9575-A13A7B43914D}.Debug|Mixed Platforms.ActiveCfg = Debug|iPhone
		{563100C6-0C10-4426-9575-A13A7B43914D}.Debug|Mixed Platforms.Build.0 = Debug|iPhone
		{563100C6-0C10-4426-9575-A13A7B43914D}.Release|iPhone.ActiveCfg = Release|iPhone
		{563100C6-0C10-4426-9575-A13A7B43914D}.Release|iPhone.Build.0 = Release|iPhone
		{563100C6-0C10-4426-9575-A13A7B43914D}.Release|iPhoneSimulator.ActiveCfg = Release|iPhoneSimulator
		{563100C6-0C10-4426-9575-A13A7B43914D}.Release|iPhoneSimulator.Build.0 = Release|iPhoneSimulator
		{563100C6-0C10-4426-9575-A13A7B43914D}.Release|Mixed Platforms.ActiveCfg = Release|iPhone
		{563100C6-0C10-4426-9575-A13A7B43914D}.Release|Mixed Platforms.Build.0 = Release|iPhone
		{5B8F83FD-EB9B-41E1-836E-46632DAD42AD}.Ad-Hoc|iPhone.ActiveCfg = Ad-Hoc|iPhone
		{5B8F83FD-EB9B-41E1-836E-46632DAD42AD}.Ad-Hoc|iPhone.Build.0 = Ad-Hoc|iPhone
		{5B8F83FD-EB9B-41E1-836E-46632DAD42AD}.Ad-Hoc|iPhoneSimulator.ActiveCfg = Ad-Hoc|iPhoneSimulator
		{5B8F83FD-EB9B-41E1-836E-46632DAD42AD}.Ad-Hoc|iPhoneSimulator.Build.0 = Ad-Hoc|iPhoneSimulator
		{5B8F83FD-EB9B-41E1-836E-46632DAD42AD}.Ad-Hoc|Mixed Platforms.ActiveCfg = Ad-Hoc|iPhone
		{5B8F83FD-EB9B-41E1-836E-46632DAD42AD}.Ad-Hoc|Mixed Platforms.Build.0 = Ad-Hoc|iPhone
		{5B8F83FD-EB9B-41E1-836E-46632DAD42AD}.AppStore|iPhone.ActiveCfg = AppStore|iPhone
		{5B8F83FD-EB9B-41E1-836E-46632DAD42AD}.AppStore|iPhone.Build.0 = AppStore|iPhone
		{5B8F83FD-EB9B-41E1-836E-46632DAD42AD}.AppStore|iPhoneSimulator.ActiveCfg = AppStore|iPhoneSimulator
		{5B8F83FD-EB9B-41E1-836E-46632DAD42AD}.AppStore|iPhoneSimulator.Build.0 = AppStore|iPhoneSimulator
		{5B8F83FD-EB9B-41E1-836E-46632DAD42AD}.AppStore|Mixed Platforms.ActiveCfg = AppStore|iPhone
		{5B8F83FD-EB9B-41E1-836E-46632DAD42AD}.AppStore|Mixed Platforms.Build.0 = AppStore|iPhone
		{5B8F83FD-EB9B-41E1-836E-46632DAD42AD}.Debug|iPhone.ActiveCfg = Debug|iPhone
		{5B8F83FD-EB9B-41E1-836E-46632DAD42AD}.Debug|iPhone.Build.0 = Debug|iPhone
		{5B8F83FD-EB9B-41E1-836E-46632DAD42AD}.Debug|iPhoneSimulator.ActiveCfg = Debug|iPhoneSimulator
		{5B8F83FD-EB9B-41E1-836E-46632DAD42AD}.Debug|iPhoneSimulator.Build.0 = Debug|iPhoneSimulator
		{5B8F83FD-EB9B-41E1-836E-46632DAD42AD}.Debug|Mixed Platforms.ActiveCfg = Debug|iPhone
		{5B8F83FD-EB9B-41E1-836E-46632DAD42AD}.Debug|Mixed Platforms.Build.0 = Debug|iPhone
		{5B8F83FD-EB9B-41E1-836E-46632DAD42AD}.Release|iPhone.ActiveCfg = Release|iPhone
		{5B8F83FD-EB9B-41E1-836E-46632DAD42AD}.Release|iPhone.Build.0 = Release|iPhone
		{5B8F83FD-EB9B-41E1-836E-46632DAD42AD}.Release|iPhoneSimulator.ActiveCfg = Release|iPhoneSimulator
		{5B8F83FD-EB9B-41E1-836E-46632DAD42AD}.Release|iPhoneSimulator.Build.0 = Release|iPhoneSimulator
		{5B8F83FD-EB9B-41E1-836E-46632DAD42AD}.Release|Mixed Platforms.ActiveCfg = Release|iPhone
		{5B8F83FD-EB9B-41E1-836E-46632DAD42AD}.Release|Mixed Platforms.Build.0 = Release|iPhone
		{5E60E146-E64B-46C6-A57E-6EA1BE8DFA23}.Ad-Hoc|iPhone.ActiveCfg = Ad-Hoc|iPhone
		{5E60E146-E64B-46C6-A57E-6EA1BE8DFA23}.Ad-Hoc|iPhone.Build.0 = Ad-Hoc|iPhone
		{5E60E146-E64B-46C6-A57E-6EA1BE8DFA23}.Ad-Hoc|iPhoneSimulator.ActiveCfg = Ad-Hoc|iPhone
		{5E60E146-E64B-46C6-A57E-6EA1BE8DFA23}.Ad-Hoc|iPhoneSimulator.Build.0 = Ad-Hoc|iPhone
		{5E60E146-E64B-46C6-A57E-6EA1BE8DFA23}.Ad-Hoc|Mixed Platforms.ActiveCfg = Ad-Hoc|iPhone
		{5E60E146-E64B-46C6-A57E-6EA1BE8DFA23}.Ad-Hoc|Mixed Platforms.Build.0 = Ad-Hoc|iPhone
		{5E60E146-E64B-46C6-A57E-6EA1BE8DFA23}.AppStore|iPhone.ActiveCfg = AppStore|iPhone
		{5E60E146-E64B-46C6-A57E-6EA1BE8DFA23}.AppStore|iPhone.Build.0 = AppStore|iPhone
		{5E60E146-E64B-46C6-A57E-6EA1BE8DFA23}.AppStore|iPhoneSimulator.ActiveCfg = Ad-Hoc|iPhone
		{5E60E146-E64B-46C6-A57E-6EA1BE8DFA23}.AppStore|iPhoneSimulator.Build.0 = Ad-Hoc|iPhone
		{5E60E146-E64B-46C6-A57E-6EA1BE8DFA23}.AppStore|Mixed Platforms.ActiveCfg = Ad-Hoc|iPhone
		{5E60E146-E64B-46C6-A57E-6EA1BE8DFA23}.AppStore|Mixed Platforms.Build.0 = Ad-Hoc|iPhone
		{5E60E146-E64B-46C6-A57E-6EA1BE8DFA23}.Debug|iPhone.ActiveCfg = Debug|iPhone
		{5E60E146-E64B-46C6-A57E-6EA1BE8DFA23}.Debug|iPhone.Build.0 = Debug|iPhone
		{5E60E146-E64B-46C6-A57E-6EA1BE8DFA23}.Debug|iPhoneSimulator.ActiveCfg = Debug|iPhoneSimulator
		{5E60E146-E64B-46C6-A57E-6EA1BE8DFA23}.Debug|iPhoneSimulator.Build.0 = Debug|iPhoneSimulator
		{5E60E146-E64B-46C6-A57E-6EA1BE8DFA23}.Debug|Mixed Platforms.ActiveCfg = Debug|iPhoneSimulator
		{5E60E146-E64B-46C6-A57E-6EA1BE8DFA23}.Debug|Mixed Platforms.Build.0 = Debug|iPhoneSimulator
		{5E60E146-E64B-46C6-A57E-6EA1BE8DFA23}.Release|iPhone.ActiveCfg = Release|iPhone
		{5E60E146-E64B-46C6-A57E-6EA1BE8DFA23}.Release|iPhone.Build.0 = Release|iPhone
		{5E60E146-E64B-46C6-A57E-6EA1BE8DFA23}.Release|iPhoneSimulator.ActiveCfg = Release|iPhoneSimulator
		{5E60E146-E64B-46C6-A57E-6EA1BE8DFA23}.Release|iPhoneSimulator.Build.0 = Release|iPhoneSimulator
		{5E60E146-E64B-46C6-A57E-6EA1BE8DFA23}.Release|Mixed Platforms.ActiveCfg = Release|iPhoneSimulator
		{5E60E146-E64B-46C6-A57E-6EA1BE8DFA23}.Release|Mixed Platforms.Build.0 = Release|iPhoneSimulator
		{70967DC2-CAC6-400B-9D5F-C074DE849117}.Ad-Hoc|iPhone.ActiveCfg = Ad-Hoc|iPhone
		{70967DC2-CAC6-400B-9D5F-C074DE849117}.Ad-Hoc|iPhone.Build.0 = Ad-Hoc|iPhone
		{70967DC2-CAC6-400B-9D5F-C074DE849117}.Ad-Hoc|iPhoneSimulator.ActiveCfg = Ad-Hoc|iPhoneSimulator
		{70967DC2-CAC6-400B-9D5F-C074DE849117}.Ad-Hoc|iPhoneSimulator.Build.0 = Ad-Hoc|iPhoneSimulator
		{70967DC2-CAC6-400B-9D5F-C074DE849117}.Ad-Hoc|Mixed Platforms.ActiveCfg = Ad-Hoc|iPhone
		{70967DC2-CAC6-400B-9D5F-C074DE849117}.Ad-Hoc|Mixed Platforms.Build.0 = Ad-Hoc|iPhone
		{70967DC2-CAC6-400B-9D5F-C074DE849117}.AppStore|iPhone.ActiveCfg = AppStore|iPhone
		{70967DC2-CAC6-400B-9D5F-C074DE849117}.AppStore|iPhone.Build.0 = AppStore|iPhone
		{70967DC2-CAC6-400B-9D5F-C074DE849117}.AppStore|iPhoneSimulator.ActiveCfg = AppStore|iPhoneSimulator
		{70967DC2-CAC6-400B-9D5F-C074DE849117}.AppStore|iPhoneSimulator.Build.0 = AppStore|iPhoneSimulator
		{70967DC2-CAC6-400B-9D5F-C074DE849117}.AppStore|Mixed Platforms.ActiveCfg = AppStore|iPhone
		{70967DC2-CAC6-400B-9D5F-C074DE849117}.AppStore|Mixed Platforms.Build.0 = AppStore|iPhone
		{70967DC2-CAC6-400B-9D5F-C074DE849117}.Debug|iPhone.ActiveCfg = Debug|iPhone
		{70967DC2-CAC6-400B-9D5F-C074DE849117}.Debug|iPhone.Build.0 = Debug|iPhone
		{70967DC2-CAC6-400B-9D5F-C074DE849117}.Debug|iPhoneSimulator.ActiveCfg = Debug|iPhoneSimulator
		{70967DC2-CAC6-400B-9D5F-C074DE849117}.Debug|iPhoneSimulator.Build.0 = Debug|iPhoneSimulator
		{70967DC2-CAC6-400B-9D5F-C074DE849117}.Debug|Mixed Platforms.ActiveCfg = Debug|iPhone
		{70967DC2-CAC6-400B-9D5F-C074DE849117}.Debug|Mixed Platforms.Build.0 = Debug|iPhone
		{70967DC2-CAC6-400B-9D5F-C074DE849117}.Release|iPhone.ActiveCfg = Release|iPhone
		{70967DC2-CAC6-400B-9D5F-C074DE849117}.Release|iPhone.Build.0 = Release|iPhone
		{70967DC2-CAC6-400B-9D5F-C074DE849117}.Release|iPhoneSimulator.ActiveCfg = Release|iPhoneSimulator
		{70967DC2-CAC6-400B-9D5F-C074DE849117}.Release|iPhoneSimulator.Build.0 = Release|iPhoneSimulator
		{70967DC2-CAC6-400B-9D5F-C074DE849117}.Release|Mixed Platforms.ActiveCfg = Release|iPhone
		{70967DC2-CAC6-400B-9D5F-C074DE849117}.Release|Mixed Platforms.Build.0 = Release|iPhone
		{7EF73AB9-204A-4994-8FF5-0EE2CFA710A9}.Ad-Hoc|iPhone.ActiveCfg = Release|Any CPU
		{7EF73AB9-204A-4994-8FF5-0EE2CFA710A9}.Ad-Hoc|iPhone.Build.0 = Release|Any CPU
		{7EF73AB9-204A-4994-8FF5-0EE2CFA710A9}.Ad-Hoc|iPhoneSimulator.ActiveCfg = Release|Any CPU
		{7EF73AB9-204A-4994-8FF5-0EE2CFA710A9}.Ad-Hoc|iPhoneSimulator.Build.0 = Release|Any CPU
		{7EF73AB9-204A-4994-8FF5-0EE2CFA710A9}.Ad-Hoc|Mixed Platforms.ActiveCfg = Debug|Any CPU
		{7EF73AB9-204A-4994-8FF5-0EE2CFA710A9}.Ad-Hoc|Mixed Platforms.Build.0 = Debug|Any CPU
		{7EF73AB9-204A-4994-8FF5-0EE2CFA710A9}.AppStore|iPhone.ActiveCfg = Release|Any CPU
		{7EF73AB9-204A-4994-8FF5-0EE2CFA710A9}.AppStore|iPhone.Build.0 = Release|Any CPU
		{7EF73AB9-204A-4994-8FF5-0EE2CFA710A9}.AppStore|iPhoneSimulator.ActiveCfg = Release|Any CPU
		{7EF73AB9-204A-4994-8FF5-0EE2CFA710A9}.AppStore|iPhoneSimulator.Build.0 = Release|Any CPU
		{7EF73AB9-204A-4994-8FF5-0EE2CFA710A9}.AppStore|Mixed Platforms.ActiveCfg = Debug|Any CPU
		{7EF73AB9-204A-4994-8FF5-0EE2CFA710A9}.AppStore|Mixed Platforms.Build.0 = Debug|Any CPU
		{7EF73AB9-204A-4994-8FF5-0EE2CFA710A9}.Debug|iPhone.ActiveCfg = Debug|Any CPU
		{7EF73AB9-204A-4994-8FF5-0EE2CFA710A9}.Debug|iPhone.Build.0 = Debug|Any CPU
		{7EF73AB9-204A-4994-8FF5-0EE2CFA710A9}.Debug|iPhoneSimulator.ActiveCfg = Debug|Any CPU
		{7EF73AB9-204A-4994-8FF5-0EE2CFA710A9}.Debug|iPhoneSimulator.Build.0 = Debug|Any CPU
		{7EF73AB9-204A-4994-8FF5-0EE2CFA710A9}.Debug|Mixed Platforms.ActiveCfg = Debug|Any CPU
		{7EF73AB9-204A-4994-8FF5-0EE2CFA710A9}.Debug|Mixed Platforms.Build.0 = Debug|Any CPU
		{7EF73AB9-204A-4994-8FF5-0EE2CFA710A9}.Release|iPhone.ActiveCfg = Release|Any CPU
		{7EF73AB9-204A-4994-8FF5-0EE2CFA710A9}.Release|iPhone.Build.0 = Release|Any CPU
		{7EF73AB9-204A-4994-8FF5-0EE2CFA710A9}.Release|iPhoneSimulator.ActiveCfg = Release|Any CPU
		{7EF73AB9-204A-4994-8FF5-0EE2CFA710A9}.Release|iPhoneSimulator.Build.0 = Release|Any CPU
		{7EF73AB9-204A-4994-8FF5-0EE2CFA710A9}.Release|Mixed Platforms.ActiveCfg = Release|Any CPU
		{7EF73AB9-204A-4994-8FF5-0EE2CFA710A9}.Release|Mixed Platforms.Build.0 = Release|Any CPU
		{869968EB-705B-41EB-AFFC-23748EB6B258}.Ad-Hoc|iPhone.ActiveCfg = Ad-Hoc|iPhone
		{869968EB-705B-41EB-AFFC-23748EB6B258}.Ad-Hoc|iPhone.Build.0 = Ad-Hoc|iPhone
		{869968EB-705B-41EB-AFFC-23748EB6B258}.Ad-Hoc|iPhoneSimulator.ActiveCfg = Ad-Hoc|iPhoneSimulator
		{869968EB-705B-41EB-AFFC-23748EB6B258}.Ad-Hoc|iPhoneSimulator.Build.0 = Ad-Hoc|iPhoneSimulator
		{869968EB-705B-41EB-AFFC-23748EB6B258}.Ad-Hoc|Mixed Platforms.ActiveCfg = Ad-Hoc|iPhone
		{869968EB-705B-41EB-AFFC-23748EB6B258}.Ad-Hoc|Mixed Platforms.Build.0 = Ad-Hoc|iPhone
		{869968EB-705B-41EB-AFFC-23748EB6B258}.AppStore|iPhone.ActiveCfg = AppStore|iPhone
		{869968EB-705B-41EB-AFFC-23748EB6B258}.AppStore|iPhone.Build.0 = AppStore|iPhone
		{869968EB-705B-41EB-AFFC-23748EB6B258}.AppStore|iPhoneSimulator.ActiveCfg = AppStore|iPhoneSimulator
		{869968EB-705B-41EB-AFFC-23748EB6B258}.AppStore|iPhoneSimulator.Build.0 = AppStore|iPhoneSimulator
		{869968EB-705B-41EB-AFFC-23748EB6B258}.AppStore|Mixed Platforms.ActiveCfg = AppStore|iPhone
		{869968EB-705B-41EB-AFFC-23748EB6B258}.AppStore|Mixed Platforms.Build.0 = AppStore|iPhone
		{869968EB-705B-41EB-AFFC-23748EB6B258}.Debug|iPhone.ActiveCfg = Debug|iPhone
		{869968EB-705B-41EB-AFFC-23748EB6B258}.Debug|iPhone.Build.0 = Debug|iPhone
		{869968EB-705B-41EB-AFFC-23748EB6B258}.Debug|iPhoneSimulator.ActiveCfg = Debug|iPhoneSimulator
		{869968EB-705B-41EB-AFFC-23748EB6B258}.Debug|iPhoneSimulator.Build.0 = Debug|iPhoneSimulator
		{869968EB-705B-41EB-AFFC-23748EB6B258}.Debug|Mixed Platforms.ActiveCfg = Debug|iPhone
		{869968EB-705B-41EB-AFFC-23748EB6B258}.Debug|Mixed Platforms.Build.0 = Debug|iPhone
		{869968EB-705B-41EB-AFFC-23748EB6B258}.Release|iPhone.ActiveCfg = Release|iPhone
		{869968EB-705B-41EB-AFFC-23748EB6B258}.Release|iPhone.Build.0 = Release|iPhone
		{869968EB-705B-41EB-AFFC-23748EB6B258}.Release|iPhoneSimulator.ActiveCfg = Release|iPhoneSimulator
		{869968EB-705B-41EB-AFFC-23748EB6B258}.Release|iPhoneSimulator.Build.0 = Release|iPhoneSimulator
		{869968EB-705B-41EB-AFFC-23748EB6B258}.Release|Mixed Platforms.ActiveCfg = Release|iPhone
		{869968EB-705B-41EB-AFFC-23748EB6B258}.Release|Mixed Platforms.Build.0 = Release|iPhone
		{87C17B0D-6A59-4435-9BAA-77B6AE36A194}.Ad-Hoc|iPhone.ActiveCfg = Ad-Hoc|iPhone
		{87C17B0D-6A59-4435-9BAA-77B6AE36A194}.Ad-Hoc|iPhone.Build.0 = Ad-Hoc|iPhone
		{87C17B0D-6A59-4435-9BAA-77B6AE36A194}.Ad-Hoc|iPhoneSimulator.ActiveCfg = Ad-Hoc|iPhoneSimulator
		{87C17B0D-6A59-4435-9BAA-77B6AE36A194}.Ad-Hoc|iPhoneSimulator.Build.0 = Ad-Hoc|iPhoneSimulator
		{87C17B0D-6A59-4435-9BAA-77B6AE36A194}.Ad-Hoc|Mixed Platforms.ActiveCfg = Ad-Hoc|iPhone
		{87C17B0D-6A59-4435-9BAA-77B6AE36A194}.Ad-Hoc|Mixed Platforms.Build.0 = Ad-Hoc|iPhone
		{87C17B0D-6A59-4435-9BAA-77B6AE36A194}.AppStore|iPhone.ActiveCfg = AppStore|iPhone
		{87C17B0D-6A59-4435-9BAA-77B6AE36A194}.AppStore|iPhone.Build.0 = AppStore|iPhone
		{87C17B0D-6A59-4435-9BAA-77B6AE36A194}.AppStore|iPhoneSimulator.ActiveCfg = AppStore|iPhoneSimulator
		{87C17B0D-6A59-4435-9BAA-77B6AE36A194}.AppStore|iPhoneSimulator.Build.0 = AppStore|iPhoneSimulator
		{87C17B0D-6A59-4435-9BAA-77B6AE36A194}.AppStore|Mixed Platforms.ActiveCfg = AppStore|iPhone
		{87C17B0D-6A59-4435-9BAA-77B6AE36A194}.AppStore|Mixed Platforms.Build.0 = AppStore|iPhone
		{87C17B0D-6A59-4435-9BAA-77B6AE36A194}.Debug|iPhone.ActiveCfg = Debug|iPhone
		{87C17B0D-6A59-4435-9BAA-77B6AE36A194}.Debug|iPhone.Build.0 = Debug|iPhone
		{87C17B0D-6A59-4435-9BAA-77B6AE36A194}.Debug|iPhoneSimulator.ActiveCfg = Debug|iPhoneSimulator
		{87C17B0D-6A59-4435-9BAA-77B6AE36A194}.Debug|iPhoneSimulator.Build.0 = Debug|iPhoneSimulator
		{87C17B0D-6A59-4435-9BAA-77B6AE36A194}.Debug|Mixed Platforms.ActiveCfg = Debug|iPhone
		{87C17B0D-6A59-4435-9BAA-77B6AE36A194}.Debug|Mixed Platforms.Build.0 = Debug|iPhone
		{87C17B0D-6A59-4435-9BAA-77B6AE36A194}.Release|iPhone.ActiveCfg = Release|iPhone
		{87C17B0D-6A59-4435-9BAA-77B6AE36A194}.Release|iPhone.Build.0 = Release|iPhone
		{87C17B0D-6A59-4435-9BAA-77B6AE36A194}.Release|iPhoneSimulator.ActiveCfg = Release|iPhoneSimulator
		{87C17B0D-6A59-4435-9BAA-77B6AE36A194}.Release|iPhoneSimulator.Build.0 = Release|iPhoneSimulator
		{87C17B0D-6A59-4435-9BAA-77B6AE36A194}.Release|Mixed Platforms.ActiveCfg = Release|iPhone
		{87C17B0D-6A59-4435-9BAA-77B6AE36A194}.Release|Mixed Platforms.Build.0 = Release|iPhone
		{B97F2441-0ACE-457E-87BA-30C9BCADBC94}.Ad-Hoc|iPhone.ActiveCfg = Ad-Hoc|iPhone
		{B97F2441-0ACE-457E-87BA-30C9BCADBC94}.Ad-Hoc|iPhone.Build.0 = Ad-Hoc|iPhone
		{B97F2441-0ACE-457E-87BA-30C9BCADBC94}.Ad-Hoc|iPhoneSimulator.ActiveCfg = Ad-Hoc|iPhoneSimulator
		{B97F2441-0ACE-457E-87BA-30C9BCADBC94}.Ad-Hoc|iPhoneSimulator.Build.0 = Ad-Hoc|iPhoneSimulator
		{B97F2441-0ACE-457E-87BA-30C9BCADBC94}.Ad-Hoc|Mixed Platforms.ActiveCfg = Ad-Hoc|iPhone
		{B97F2441-0ACE-457E-87BA-30C9BCADBC94}.Ad-Hoc|Mixed Platforms.Build.0 = Ad-Hoc|iPhone
		{B97F2441-0ACE-457E-87BA-30C9BCADBC94}.AppStore|iPhone.ActiveCfg = AppStore|iPhone
		{B97F2441-0ACE-457E-87BA-30C9BCADBC94}.AppStore|iPhone.Build.0 = AppStore|iPhone
		{B97F2441-0ACE-457E-87BA-30C9BCADBC94}.AppStore|iPhoneSimulator.ActiveCfg = AppStore|iPhoneSimulator
		{B97F2441-0ACE-457E-87BA-30C9BCADBC94}.AppStore|iPhoneSimulator.Build.0 = AppStore|iPhoneSimulator
		{B97F2441-0ACE-457E-87BA-30C9BCADBC94}.AppStore|Mixed Platforms.ActiveCfg = AppStore|iPhone
		{B97F2441-0ACE-457E-87BA-30C9BCADBC94}.AppStore|Mixed Platforms.Build.0 = AppStore|iPhone
		{B97F2441-0ACE-457E-87BA-30C9BCADBC94}.Debug|iPhone.ActiveCfg = Debug|iPhone
		{B97F2441-0ACE-457E-87BA-30C9BCADBC94}.Debug|iPhone.Build.0 = Debug|iPhone
		{B97F2441-0ACE-457E-87BA-30C9BCADBC94}.Debug|iPhoneSimulator.ActiveCfg = Debug|iPhoneSimulator
		{B97F2441-0ACE-457E-87BA-30C9BCADBC94}.Debug|iPhoneSimulator.Build.0 = Debug|iPhoneSimulator
		{B97F2441-0ACE-457E-87BA-30C9BCADBC94}.Debug|Mixed Platforms.ActiveCfg = Debug|iPhone
		{B97F2441-0ACE-457E-87BA-30C9BCADBC94}.Debug|Mixed Platforms.Build.0 = Debug|iPhone
		{B97F2441-0ACE-457E-87BA-30C9BCADBC94}.Release|iPhone.ActiveCfg = Release|iPhone
		{B97F2441-0ACE-457E-87BA-30C9BCADBC94}.Release|iPhone.Build.0 = Release|iPhone
		{B97F2441-0ACE-457E-87BA-30C9BCADBC94}.Release|iPhoneSimulator.ActiveCfg = Release|iPhoneSimulator
		{B97F2441-0ACE-457E-87BA-30C9BCADBC94}.Release|iPhoneSimulator.Build.0 = Release|iPhoneSimulator
		{B97F2441-0ACE-457E-87BA-30C9BCADBC94}.Release|Mixed Platforms.ActiveCfg = Release|iPhone
		{B97F2441-0ACE-457E-87BA-30C9BCADBC94}.Release|Mixed Platforms.Build.0 = Release|iPhone
		{BB38D26F-792B-4464-8CC6-7FE1135DA3DD}.Ad-Hoc|iPhone.ActiveCfg = Ad-Hoc|iPhone
		{BB38D26F-792B-4464-8CC6-7FE1135DA3DD}.Ad-Hoc|iPhone.Build.0 = Ad-Hoc|iPhone
		{BB38D26F-792B-4464-8CC6-7FE1135DA3DD}.Ad-Hoc|iPhoneSimulator.ActiveCfg = Ad-Hoc|iPhoneSimulator
		{BB38D26F-792B-4464-8CC6-7FE1135DA3DD}.Ad-Hoc|iPhoneSimulator.Build.0 = Ad-Hoc|iPhoneSimulator
		{BB38D26F-792B-4464-8CC6-7FE1135DA3DD}.Ad-Hoc|Mixed Platforms.ActiveCfg = Ad-Hoc|iPhone
		{BB38D26F-792B-4464-8CC6-7FE1135DA3DD}.Ad-Hoc|Mixed Platforms.Build.0 = Ad-Hoc|iPhone
		{BB38D26F-792B-4464-8CC6-7FE1135DA3DD}.AppStore|iPhone.ActiveCfg = AppStore|iPhone
		{BB38D26F-792B-4464-8CC6-7FE1135DA3DD}.AppStore|iPhone.Build.0 = AppStore|iPhone
		{BB38D26F-792B-4464-8CC6-7FE1135DA3DD}.AppStore|iPhoneSimulator.ActiveCfg = AppStore|iPhoneSimulator
		{BB38D26F-792B-4464-8CC6-7FE1135DA3DD}.AppStore|iPhoneSimulator.Build.0 = AppStore|iPhoneSimulator
		{BB38D26F-792B-4464-8CC6-7FE1135DA3DD}.AppStore|Mixed Platforms.ActiveCfg = AppStore|iPhone
		{BB38D26F-792B-4464-8CC6-7FE1135DA3DD}.AppStore|Mixed Platforms.Build.0 = AppStore|iPhone
		{BB38D26F-792B-4464-8CC6-7FE1135DA3DD}.Debug|iPhone.ActiveCfg = Debug|iPhone
		{BB38D26F-792B-4464-8CC6-7FE1135DA3DD}.Debug|iPhone.Build.0 = Debug|iPhone
		{BB38D26F-792B-4464-8CC6-7FE1135DA3DD}.Debug|iPhoneSimulator.ActiveCfg = Debug|iPhoneSimulator
		{BB38D26F-792B-4464-8CC6-7FE1135DA3DD}.Debug|iPhoneSimulator.Build.0 = Debug|iPhoneSimulator
		{BB38D26F-792B-4464-8CC6-7FE1135DA3DD}.Debug|Mixed Platforms.ActiveCfg = Debug|iPhone
		{BB38D26F-792B-4464-8CC6-7FE1135DA3DD}.Debug|Mixed Platforms.Build.0 = Debug|iPhone
		{BB38D26F-792B-4464-8CC6-7FE1135DA3DD}.Release|iPhone.ActiveCfg = Release|iPhone
		{BB38D26F-792B-4464-8CC6-7FE1135DA3DD}.Release|iPhone.Build.0 = Release|iPhone
		{BB38D26F-792B-4464-8CC6-7FE1135DA3DD}.Release|iPhoneSimulator.ActiveCfg = Release|iPhoneSimulator
		{BB38D26F-792B-4464-8CC6-7FE1135DA3DD}.Release|iPhoneSimulator.Build.0 = Release|iPhoneSimulator
		{BB38D26F-792B-4464-8CC6-7FE1135DA3DD}.Release|Mixed Platforms.ActiveCfg = Release|iPhone
		{BB38D26F-792B-4464-8CC6-7FE1135DA3DD}.Release|Mixed Platforms.Build.0 = Release|iPhone
		{BF050225-B287-4A84-B0BD-E9659B5E5C80}.Ad-Hoc|iPhone.ActiveCfg = Ad-Hoc|iPhone
		{BF050225-B287-4A84-B0BD-E9659B5E5C80}.Ad-Hoc|iPhone.Build.0 = Ad-Hoc|iPhone
		{BF050225-B287-4A84-B0BD-E9659B5E5C80}.Ad-Hoc|iPhoneSimulator.ActiveCfg = Ad-Hoc|iPhoneSimulator
		{BF050225-B287-4A84-B0BD-E9659B5E5C80}.Ad-Hoc|iPhoneSimulator.Build.0 = Ad-Hoc|iPhoneSimulator
		{BF050225-B287-4A84-B0BD-E9659B5E5C80}.Ad-Hoc|Mixed Platforms.ActiveCfg = Ad-Hoc|iPhone
		{BF050225-B287-4A84-B0BD-E9659B5E5C80}.Ad-Hoc|Mixed Platforms.Build.0 = Ad-Hoc|iPhone
		{BF050225-B287-4A84-B0BD-E9659B5E5C80}.AppStore|iPhone.ActiveCfg = AppStore|iPhone
		{BF050225-B287-4A84-B0BD-E9659B5E5C80}.AppStore|iPhone.Build.0 = AppStore|iPhone
		{BF050225-B287-4A84-B0BD-E9659B5E5C80}.AppStore|iPhoneSimulator.ActiveCfg = AppStore|iPhoneSimulator
		{BF050225-B287-4A84-B0BD-E9659B5E5C80}.AppStore|iPhoneSimulator.Build.0 = AppStore|iPhoneSimulator
		{BF050225-B287-4A84-B0BD-E9659B5E5C80}.AppStore|Mixed Platforms.ActiveCfg = AppStore|iPhone
		{BF050225-B287-4A84-B0BD-E9659B5E5C80}.AppStore|Mixed Platforms.Build.0 = AppStore|iPhone
		{BF050225-B287-4A84-B0BD-E9659B5E5C80}.Debug|iPhone.ActiveCfg = Debug|iPhone
		{BF050225-B287-4A84-B0BD-E9659B5E5C80}.Debug|iPhone.Build.0 = Debug|iPhone
		{BF050225-B287-4A84-B0BD-E9659B5E5C80}.Debug|iPhoneSimulator.ActiveCfg = Debug|iPhoneSimulator
		{BF050225-B287-4A84-B0BD-E9659B5E5C80}.Debug|iPhoneSimulator.Build.0 = Debug|iPhoneSimulator
		{BF050225-B287-4A84-B0BD-E9659B5E5C80}.Debug|Mixed Platforms.ActiveCfg = Debug|iPhone
		{BF050225-B287-4A84-B0BD-E9659B5E5C80}.Debug|Mixed Platforms.Build.0 = Debug|iPhone
		{BF050225-B287-4A84-B0BD-E9659B5E5C80}.Release|iPhone.ActiveCfg = Release|iPhone
		{BF050225-B287-4A84-B0BD-E9659B5E5C80}.Release|iPhone.Build.0 = Release|iPhone
		{BF050225-B287-4A84-B0BD-E9659B5E5C80}.Release|iPhoneSimulator.ActiveCfg = Release|iPhoneSimulator
		{BF050225-B287-4A84-B0BD-E9659B5E5C80}.Release|iPhoneSimulator.Build.0 = Release|iPhoneSimulator
		{BF050225-B287-4A84-B0BD-E9659B5E5C80}.Release|Mixed Platforms.ActiveCfg = Release|iPhone
		{BF050225-B287-4A84-B0BD-E9659B5E5C80}.Release|Mixed Platforms.Build.0 = Release|iPhone
	EndGlobalSection
	GlobalSection(MonoDevelopProperties) = preSolution
		Policies = $0
		$0.TextStylePolicy = $1
		$1.EolMarker = Windows
		$1.inheritsSet = VisualStudio
		$1.inheritsScope = text/plain
		$1.scope = text/x-csharp
		$0.CSharpFormattingPolicy = $2
		$2.IndentSwitchBody = True
		$2.AnonymousMethodBraceStyle = NextLine
		$2.PropertyBraceStyle = NextLine
		$2.PropertyGetBraceStyle = NextLine
		$2.PropertySetBraceStyle = NextLine
		$2.EventBraceStyle = NextLine
		$2.EventAddBraceStyle = NextLine
		$2.EventRemoveBraceStyle = NextLine
		$2.StatementBraceStyle = NextLine
		$2.ArrayInitializerBraceStyle = NextLine
		$2.BeforeMethodDeclarationParentheses = False
		$2.BeforeMethodCallParentheses = False
		$2.BeforeConstructorDeclarationParentheses = False
		$2.BeforeDelegateDeclarationParentheses = False
		$2.NewParentheses = False
		$2.SpacesBeforeBrackets = False
		$2.inheritsSet = Mono
		$2.inheritsScope = text/x-csharp
		$2.scope = text/x-csharp
		$0.DotNetNamingPolicy = $3
		$3.DirectoryNamespaceAssociation = None
		$3.ResourceNamePolicy = FileFormatDefault
	EndGlobalSection
	GlobalSection(SolutionProperties) = preSolution
		HideSolutionNode = FALSE
	EndGlobalSection
EndGlobal
